
Microsoft Visual Studio Solution File, Format Version 12.00
# Visual Studio 15
VisualStudioVersion = 15.0.26124.0
MinimumVisualStudioVersion = 15.0.26124.0
Project("{FAE04EC0-301F-11D3-BF4B-00C04F79EFBC}") = "consoleapp1", "consoleapp1\consoleapp1.csproj", "{AA14B2B6-E4DB-4165-BEC4-B455476428F5}"
EndProject
Project("{FAE04EC0-301F-11D3-BF4B-00C04F79EFBC}") = "consoleapp2", "consoleapp2\consoleapp2.csproj", "{D57B8876-14AD-470A-A742-BA11F17D381B}"
EndProject
Project("{FAE04EC0-301F-11D3-BF4B-00C04F79EFBC}") = "webapp1", "webapp1\webapp1.csproj", "{2D7CEA35-6076-4FEB-BB0D-DCAEB96B12D8}"
EndProject
Project("{FAE04EC0-301F-11D3-BF4B-00C04F79EFBC}") = "webapp2", "webapp2\webapp2.csproj", "{CD625BF0-4541-49E9-B29C-9B65606E0496}"
EndProject
Project("{FAE04EC0-301F-11D3-BF4B-00C04F79EFBC}") = "unittest", "unittest\unittest.csproj", "{E3A0E9DB-4607-4977-BF9B-625DAA42E7D3}"
EndProject
Global
	GlobalSection(SolutionConfigurationPlatforms) = preSolution
		Debug|Any CPU = Debug|Any CPU
		Debug|x64 = Debug|x64
		Debug|x86 = Debug|x86
		Release|Any CPU = Release|Any CPU
		Release|x64 = Release|x64
		Release|x86 = Release|x86
	EndGlobalSection
	GlobalSection(SolutionProperties) = preSolution
		HideSolutionNode = FALSE
	EndGlobalSection
	GlobalSection(ProjectConfigurationPlatforms) = postSolution
		{AA14B2B6-E4DB-4165-BEC4-B455476428F5}.Debug|Any CPU.ActiveCfg = Debug|Any CPU
		{AA14B2B6-E4DB-4165-BEC4-B455476428F5}.Debug|Any CPU.Build.0 = Debug|Any CPU
		{AA14B2B6-E4DB-4165-BEC4-B455476428F5}.Debug|x64.ActiveCfg = Debug|Any CPU
		{AA14B2B6-E4DB-4165-BEC4-B455476428F5}.Debug|x64.Build.0 = Debug|Any CPU
		{AA14B2B6-E4DB-4165-BEC4-B455476428F5}.Debug|x86.ActiveCfg = Debug|Any CPU
		{AA14B2B6-E4DB-4165-BEC4-B455476428F5}.Debug|x86.Build.0 = Debug|Any CPU
		{AA14B2B6-E4DB-4165-BEC4-B455476428F5}.Release|Any CPU.ActiveCfg = Release|Any CPU
		{AA14B2B6-E4DB-4165-BEC4-B455476428F5}.Release|Any CPU.Build.0 = Release|Any CPU
		{AA14B2B6-E4DB-4165-BEC4-B455476428F5}.Release|x64.ActiveCfg = Release|Any CPU
		{AA14B2B6-E4DB-4165-BEC4-B455476428F5}.Release|x64.Build.0 = Release|Any CPU
		{AA14B2B6-E4DB-4165-BEC4-B455476428F5}.Release|x86.ActiveCfg = Release|Any CPU
		{AA14B2B6-E4DB-4165-BEC4-B455476428F5}.Release|x86.Build.0 = Release|Any CPU
		{D57B8876-14AD-470A-A742-BA11F17D381B}.Debug|Any CPU.ActiveCfg = Debug|Any CPU
		{D57B8876-14AD-470A-A742-BA11F17D381B}.Debug|Any CPU.Build.0 = Debug|Any CPU
		{D57B8876-14AD-470A-A742-BA11F17D381B}.Debug|x64.ActiveCfg = Debug|Any CPU
		{D57B8876-14AD-470A-A742-BA11F17D381B}.Debug|x64.Build.0 = Debug|Any CPU
		{D57B8876-14AD-470A-A742-BA11F17D381B}.Debug|x86.ActiveCfg = Debug|Any CPU
		{D57B8876-14AD-470A-A742-BA11F17D381B}.Debug|x86.Build.0 = Debug|Any CPU
		{D57B8876-14AD-470A-A742-BA11F17D381B}.Release|Any CPU.ActiveCfg = Release|Any CPU
		{D57B8876-14AD-470A-A742-BA11F17D381B}.Release|Any CPU.Build.0 = Release|Any CPU
		{D57B8876-14AD-470A-A742-BA11F17D381B}.Release|x64.ActiveCfg = Release|Any CPU
		{D57B8876-14AD-470A-A742-BA11F17D381B}.Release|x64.Build.0 = Release|Any CPU
		{D57B8876-14AD-470A-A742-BA11F17D381B}.Release|x86.ActiveCfg = Release|Any CPU
		{D57B8876-14AD-470A-A742-BA11F17D381B}.Release|x86.Build.0 = Release|Any CPU
		{2D7CEA35-6076-4FEB-BB0D-DCAEB96B12D8}.Debug|Any CPU.ActiveCfg = Debug|Any CPU
		{2D7CEA35-6076-4FEB-BB0D-DCAEB96B12D8}.Debug|Any CPU.Build.0 = Debug|Any CPU
		{2D7CEA35-6076-4FEB-BB0D-DCAEB96B12D8}.Debug|x64.ActiveCfg = Debug|Any CPU
		{2D7CEA35-6076-4FEB-BB0D-DCAEB96B12D8}.Debug|x64.Build.0 = Debug|Any CPU
		{2D7CEA35-6076-4FEB-BB0D-DCAEB96B12D8}.Debug|x86.ActiveCfg = Debug|Any CPU
		{2D7CEA35-6076-4FEB-BB0D-DCAEB96B12D8}.Debug|x86.Build.0 = Debug|Any CPU
		{2D7CEA35-6076-4FEB-BB0D-DCAEB96B12D8}.Release|Any CPU.ActiveCfg = Release|Any CPU
		{2D7CEA35-6076-4FEB-BB0D-DCAEB96B12D8}.Release|Any CPU.Build.0 = Release|Any CPU
		{2D7CEA35-6076-4FEB-BB0D-DCAEB96B12D8}.Release|x64.ActiveCfg = Release|Any CPU
		{2D7CEA35-6076-4FEB-BB0D-DCAEB96B12D8}.Release|x64.Build.0 = Release|Any CPU
		{2D7CEA35-6076-4FEB-BB0D-DCAEB96B12D8}.Release|x86.ActiveCfg = Release|Any CPU
		{2D7CEA35-6076-4FEB-BB0D-DCAEB96B12D8}.Release|x86.Build.0 = Release|Any CPU
		{CD625BF0-4541-49E9-B29C-9B65606E0496}.Debug|Any CPU.ActiveCfg = Debug|Any CPU
		{CD625BF0-4541-49E9-B29C-9B65606E0496}.Debug|Any CPU.Build.0 = Debug|Any CPU
		{CD625BF0-4541-49E9-B29C-9B65606E0496}.Debug|x64.ActiveCfg = Debug|Any CPU
		{CD625BF0-4541-49E9-B29C-9B65606E0496}.Debug|x64.Build.0 = Debug|Any CPU
		{CD625BF0-4541-49E9-B29C-9B65606E0496}.Debug|x86.ActiveCfg = Debug|Any CPU
		{CD625BF0-4541-49E9-B29C-9B65606E0496}.Debug|x86.Build.0 = Debug|Any CPU
		{CD625BF0-4541-49E9-B29C-9B65606E0496}.Release|Any CPU.ActiveCfg = Release|Any CPU
		{CD625BF0-4541-49E9-B29C-9B65606E0496}.Release|Any CPU.Build.0 = Release|Any CPU
		{CD625BF0-4541-49E9-B29C-9B65606E0496}.Release|x64.ActiveCfg = Release|Any CPU
		{CD625BF0-4541-49E9-B29C-9B65606E0496}.Release|x64.Build.0 = Release|Any CPU
		{CD625BF0-4541-49E9-B29C-9B65606E0496}.Release|x86.ActiveCfg = Release|Any CPU
		{CD625BF0-4541-49E9-B29C-9B65606E0496}.Release|x86.Build.0 = Release|Any CPU
		{E3A0E9DB-4607-4977-BF9B-625DAA42E7D3}.Debug|Any CPU.ActiveCfg = Debug|Any CPU
		{E3A0E9DB-4607-4977-BF9B-625DAA42E7D3}.Debug|Any CPU.Build.0 = Debug|Any CPU
		{E3A0E9DB-4607-4977-BF9B-625DAA42E7D3}.Debug|x64.ActiveCfg = Debug|Any CPU
		{E3A0E9DB-4607-4977-BF9B-625DAA42E7D3}.Debug|x64.Build.0 = Debug|Any CPU
		{E3A0E9DB-4607-4977-BF9B-625DAA42E7D3}.Debug|x86.ActiveCfg = Debug|Any CPU
		{E3A0E9DB-4607-4977-BF9B-625DAA42E7D3}.Debug|x86.Build.0 = Debug|Any CPU
		{E3A0E9DB-4607-4977-BF9B-625DAA42E7D3}.Release|Any CPU.ActiveCfg = Release|Any CPU
		{E3A0E9DB-4607-4977-BF9B-625DAA42E7D3}.Release|Any CPU.Build.0 = Release|Any CPU
		{E3A0E9DB-4607-4977-BF9B-625DAA42E7D3}.Release|x64.ActiveCfg = Release|Any CPU
		{E3A0E9DB-4607-4977-BF9B-625DAA42E7D3}.Release|x64.Build.0 = Release|Any CPU
		{E3A0E9DB-4607-4977-BF9B-625DAA42E7D3}.Release|x86.ActiveCfg = Release|Any CPU
		{E3A0E9DB-4607-4977-BF9B-625DAA42E7D3}.Release|x86.Build.0 = Release|Any CPU
	EndGlobalSection
EndGlobal
